
Microsoft Visual Studio Solution File, Format Version 12.00
# Visual Studio Version 16
VisualStudioVersion = 16.0.32228.343
MinimumVisualStudioVersion = 10.0.40219.1
Project("{FAE04EC0-301F-11D3-BF4B-00C04F79EFBC}") = "Memo", "Memo\Memo.csproj", "{A5E79D45-841F-4F08-A58E-DCBF7E9A1A7C}"
EndProject
Global
	GlobalSection(SolutionConfigurationPlatforms) = preSolution
		Debug|Any CPU = Debug|Any CPU
		Release|Any CPU = Release|Any CPU
	EndGlobalSection
	GlobalSection(ProjectConfigurationPlatforms) = postSolution
		{A5E79D45-841F-4F08-A58E-DCBF7E9A1A7C}.Debug|Any CPU.ActiveCfg = Debug|Any CPU
		{A5E79D45-841F-4F08-A58E-DCBF7E9A1A7C}.Debug|Any CPU.Build.0 = Debug|Any CPU
		{A5E79D45-841F-4F08-A58E-DCBF7E9A1A7C}.Release|Any CPU.ActiveCfg = Release|Any CPU
		{A5E79D45-841F-4F08-A58E-DCBF7E9A1A7C}.Release|Any CPU.Build.0 = Release|Any CPU
	EndGlobalSection
	GlobalSection(SolutionProperties) = preSolution
		HideSolutionNode = FALSE
	EndGlobalSection
	GlobalSection(ExtensibilityGlobals) = postSolution
		SolutionGuid = {8EDB5385-C0EC-4F3B-9E11-21CA76F64FBE}
	EndGlobalSection
EndGlobal
